
Microsoft Visual Studio Solution File, Format Version 12.00
# Visual Studio Version 16
VisualStudioVersion = 16.0.30804.86
MinimumVisualStudioVersion = 10.0.40219.1
Project("{FAE04EC0-301F-11D3-BF4B-00C04F79EFBC}") = "AsynchronousAppX2", "AsynchronousAppX2\AsynchronousAppX2.csproj", "{FE2F7F19-6C76-4265-BB26-2EAC046CC238}"
EndProject
Global
	GlobalSection(SolutionConfigurationPlatforms) = preSolution
		Debug|Any CPU = Debug|Any CPU
		Release|Any CPU = Release|Any CPU
	EndGlobalSection
	GlobalSection(ProjectConfigurationPlatforms) = postSolution
		{FE2F7F19-6C76-4265-BB26-2EAC046CC238}.Debug|Any CPU.ActiveCfg = Debug|Any CPU
		{FE2F7F19-6C76-4265-BB26-2EAC046CC238}.Debug|Any CPU.Build.0 = Debug|Any CPU
		{FE2F7F19-6C76-4265-BB26-2EAC046CC238}.Release|Any CPU.ActiveCfg = Release|Any CPU
		{FE2F7F19-6C76-4265-BB26-2EAC046CC238}.Release|Any CPU.Build.0 = Release|Any CPU
	EndGlobalSection
	GlobalSection(SolutionProperties) = preSolution
		HideSolutionNode = FALSE
	EndGlobalSection
	GlobalSection(ExtensibilityGlobals) = postSolution
		SolutionGuid = {9DB9D112-27B7-48C9-B164-823E0C8A870B}
	EndGlobalSection
EndGlobal
