
Microsoft Visual Studio Solution File, Format Version 12.00
# Visual Studio Version 16
VisualStudioVersion = 16.0.30907.101
MinimumVisualStudioVersion = 10.0.40219.1
Project("{FAE04EC0-301F-11D3-BF4B-00C04F79EFBC}") = "SOLID_Principles", "SOLID_Principles\SOLID_Principles.csproj", "{320534BB-0B3F-4666-ACD8-9B8BAFE19EE6}"
EndProject
Global
	GlobalSection(SolutionConfigurationPlatforms) = preSolution
		Debug|Any CPU = Debug|Any CPU
		Release|Any CPU = Release|Any CPU
	EndGlobalSection
	GlobalSection(ProjectConfigurationPlatforms) = postSolution
		{320534BB-0B3F-4666-ACD8-9B8BAFE19EE6}.Debug|Any CPU.ActiveCfg = Debug|Any CPU
		{320534BB-0B3F-4666-ACD8-9B8BAFE19EE6}.Debug|Any CPU.Build.0 = Debug|Any CPU
		{320534BB-0B3F-4666-ACD8-9B8BAFE19EE6}.Release|Any CPU.ActiveCfg = Release|Any CPU
		{320534BB-0B3F-4666-ACD8-9B8BAFE19EE6}.Release|Any CPU.Build.0 = Release|Any CPU
	EndGlobalSection
	GlobalSection(SolutionProperties) = preSolution
		HideSolutionNode = FALSE
	EndGlobalSection
	GlobalSection(ExtensibilityGlobals) = postSolution
		SolutionGuid = {7FB8C9D9-F08C-4BE3-944B-116A608632E7}
	EndGlobalSection
EndGlobal
