
Microsoft Visual Studio Solution File, Format Version 12.00
# Visual Studio Version 16
VisualStudioVersion = 16.0.30804.86
MinimumVisualStudioVersion = 10.0.40219.1
Project("{FAE04EC0-301F-11D3-BF4B-00C04F79EFBC}") = "UsingDelegatesApp1", "UsingDelegatesApp1\UsingDelegatesApp1.csproj", "{608058B8-F6B3-4017-BD67-0D071A77E4ED}"
EndProject
Global
	GlobalSection(SolutionConfigurationPlatforms) = preSolution
		Debug|Any CPU = Debug|Any CPU
		Release|Any CPU = Release|Any CPU
	EndGlobalSection
	GlobalSection(ProjectConfigurationPlatforms) = postSolution
		{608058B8-F6B3-4017-BD67-0D071A77E4ED}.Debug|Any CPU.ActiveCfg = Debug|Any CPU
		{608058B8-F6B3-4017-BD67-0D071A77E4ED}.Debug|Any CPU.Build.0 = Debug|Any CPU
		{608058B8-F6B3-4017-BD67-0D071A77E4ED}.Release|Any CPU.ActiveCfg = Release|Any CPU
		{608058B8-F6B3-4017-BD67-0D071A77E4ED}.Release|Any CPU.Build.0 = Release|Any CPU
	EndGlobalSection
	GlobalSection(SolutionProperties) = preSolution
		HideSolutionNode = FALSE
	EndGlobalSection
	GlobalSection(ExtensibilityGlobals) = postSolution
		SolutionGuid = {82B4179A-131E-4BE3-AB97-AF5290A4B21A}
	EndGlobalSection
EndGlobal
