
Microsoft Visual Studio Solution File, Format Version 12.00
# Visual Studio Version 16
VisualStudioVersion = 16.0.30804.86
MinimumVisualStudioVersion = 10.0.40219.1
Project("{FAE04EC0-301F-11D3-BF4B-00C04F79EFBC}") = "UsingDelegatesApp2", "UsingDelegatesApp2\UsingDelegatesApp2.csproj", "{5C7CF621-B057-4550-8A10-BB6DE7066A68}"
EndProject
Global
	GlobalSection(SolutionConfigurationPlatforms) = preSolution
		Debug|Any CPU = Debug|Any CPU
		Release|Any CPU = Release|Any CPU
	EndGlobalSection
	GlobalSection(ProjectConfigurationPlatforms) = postSolution
		{5C7CF621-B057-4550-8A10-BB6DE7066A68}.Debug|Any CPU.ActiveCfg = Debug|Any CPU
		{5C7CF621-B057-4550-8A10-BB6DE7066A68}.Debug|Any CPU.Build.0 = Debug|Any CPU
		{5C7CF621-B057-4550-8A10-BB6DE7066A68}.Release|Any CPU.ActiveCfg = Release|Any CPU
		{5C7CF621-B057-4550-8A10-BB6DE7066A68}.Release|Any CPU.Build.0 = Release|Any CPU
	EndGlobalSection
	GlobalSection(SolutionProperties) = preSolution
		HideSolutionNode = FALSE
	EndGlobalSection
	GlobalSection(ExtensibilityGlobals) = postSolution
		SolutionGuid = {DB72C130-51FB-455C-8246-624D4D27B6AB}
	EndGlobalSection
EndGlobal
