
Microsoft Visual Studio Solution File, Format Version 12.00
# Visual Studio Version 16
VisualStudioVersion = 16.0.30804.86
MinimumVisualStudioVersion = 10.0.40219.1
Project("{FAE04EC0-301F-11D3-BF4B-00C04F79EFBC}") = "Generics", "Generics.csproj", "{650A67FA-6DCC-4F12-8195-4F274DE5F17E}"
EndProject
Global
	GlobalSection(SolutionConfigurationPlatforms) = preSolution
		Debug|Any CPU = Debug|Any CPU
		Release|Any CPU = Release|Any CPU
	EndGlobalSection
	GlobalSection(ProjectConfigurationPlatforms) = postSolution
		{650A67FA-6DCC-4F12-8195-4F274DE5F17E}.Debug|Any CPU.ActiveCfg = Debug|Any CPU
		{650A67FA-6DCC-4F12-8195-4F274DE5F17E}.Debug|Any CPU.Build.0 = Debug|Any CPU
		{650A67FA-6DCC-4F12-8195-4F274DE5F17E}.Release|Any CPU.ActiveCfg = Release|Any CPU
		{650A67FA-6DCC-4F12-8195-4F274DE5F17E}.Release|Any CPU.Build.0 = Release|Any CPU
	EndGlobalSection
	GlobalSection(SolutionProperties) = preSolution
		HideSolutionNode = FALSE
	EndGlobalSection
	GlobalSection(ExtensibilityGlobals) = postSolution
		SolutionGuid = {52120635-86F8-4875-A27D-328C0815C665}
	EndGlobalSection
EndGlobal
