
Microsoft Visual Studio Solution File, Format Version 12.00
# Visual Studio Version 16
VisualStudioVersion = 16.0.30907.101
MinimumVisualStudioVersion = 10.0.40219.1
Project("{FAE04EC0-301F-11D3-BF4B-00C04F79EFBC}") = "APIs", "APIs.csproj", "{D39C63BA-095B-42DF-B1BF-290E4CEB56C5}"
EndProject
Global
	GlobalSection(SolutionConfigurationPlatforms) = preSolution
		Debug|Any CPU = Debug|Any CPU
		Release|Any CPU = Release|Any CPU
	EndGlobalSection
	GlobalSection(ProjectConfigurationPlatforms) = postSolution
		{D39C63BA-095B-42DF-B1BF-290E4CEB56C5}.Debug|Any CPU.ActiveCfg = Debug|Any CPU
		{D39C63BA-095B-42DF-B1BF-290E4CEB56C5}.Debug|Any CPU.Build.0 = Debug|Any CPU
		{D39C63BA-095B-42DF-B1BF-290E4CEB56C5}.Release|Any CPU.ActiveCfg = Release|Any CPU
		{D39C63BA-095B-42DF-B1BF-290E4CEB56C5}.Release|Any CPU.Build.0 = Release|Any CPU
	EndGlobalSection
	GlobalSection(SolutionProperties) = preSolution
		HideSolutionNode = FALSE
	EndGlobalSection
	GlobalSection(ExtensibilityGlobals) = postSolution
		SolutionGuid = {B1F0CC13-34A5-4F5A-A098-E87293914575}
	EndGlobalSection
EndGlobal
