
Microsoft Visual Studio Solution File, Format Version 12.00
# Visual Studio Version 16
VisualStudioVersion = 16.0.30804.86
MinimumVisualStudioVersion = 10.0.40219.1
Project("{FAE04EC0-301F-11D3-BF4B-00C04F79EFBC}") = "Asyncronous_Tasks", "Asyncronous_Tasks.csproj", "{BFA32928-B528-469A-9383-9BB82CEE3FF3}"
EndProject
Global
	GlobalSection(SolutionConfigurationPlatforms) = preSolution
		Debug|Any CPU = Debug|Any CPU
		Release|Any CPU = Release|Any CPU
	EndGlobalSection
	GlobalSection(ProjectConfigurationPlatforms) = postSolution
		{BFA32928-B528-469A-9383-9BB82CEE3FF3}.Debug|Any CPU.ActiveCfg = Debug|Any CPU
		{BFA32928-B528-469A-9383-9BB82CEE3FF3}.Debug|Any CPU.Build.0 = Debug|Any CPU
		{BFA32928-B528-469A-9383-9BB82CEE3FF3}.Release|Any CPU.ActiveCfg = Release|Any CPU
		{BFA32928-B528-469A-9383-9BB82CEE3FF3}.Release|Any CPU.Build.0 = Release|Any CPU
	EndGlobalSection
	GlobalSection(SolutionProperties) = preSolution
		HideSolutionNode = FALSE
	EndGlobalSection
	GlobalSection(ExtensibilityGlobals) = postSolution
		SolutionGuid = {2F027AFD-F219-4A10-9E23-63A2222076D1}
	EndGlobalSection
EndGlobal
